// !$*UTF8*$!
{
	archiveVersion = 1;
	classes = {
	};
	objectVersion = 56;
	objects = {

/* Begin PBXBuildFile section */
		2710C5532C50EFA700773E99 /* KYEmojiKit in Frameworks */ = {isa = PBXBuildFile; productRef = 2710C5522C50EFA700773E99 /* KYEmojiKit */; };
		274590B92C0716BA009C78C6 /* KYEmojiKitDebugApp.swift in Sources */ = {isa = PBXBuildFile; fileRef = 274590B82C0716BA009C78C6 /* KYEmojiKitDebugApp.swift */; };
		274590BB2C0716BA009C78C6 /* ContentView.swift in Sources */ = {isa = PBXBuildFile; fileRef = 274590BA2C0716BA009C78C6 /* ContentView.swift */; };
		274590BD2C0716BB009C78C6 /* Assets.xcassets in Resources */ = {isa = PBXBuildFile; fileRef = 274590BC2C0716BB009C78C6 /* Assets.xcassets */; };
		274590C02C0716BB009C78C6 /* Preview Assets.xcassets in Resources */ = {isa = PBXBuildFile; fileRef = 274590BF2C0716BB009C78C6 /* Preview Assets.xcassets */; };
		27531B032C53A28D0087B4F9 /* HostingController.swift in Sources */ = {isa = PBXBuildFile; fileRef = 27531B022C53A28D0087B4F9 /* HostingController.swift */; };
		27E034A32C649A6D0044CED6 /* Localizable.xcstrings in Resources */ = {isa = PBXBuildFile; fileRef = 27E034A22C649A6D0044CED6 /* Localizable.xcstrings */; };
/* End PBXBuildFile section */

/* Begin PBXFileReference section */
		274590B52C0716BA009C78C6 /* KYEmojiKitDebugApp.app */ = {isa = PBXFileReference; explicitFileType = wrapper.application; includeInIndex = 0; path = KYEmojiKitDebugApp.app; sourceTree = BUILT_PRODUCTS_DIR; };
		274590B82C0716BA009C78C6 /* KYEmojiKitDebugApp.swift */ = {isa = PBXFileReference; lastKnownFileType = sourcecode.swift; path = KYEmojiKitDebugApp.swift; sourceTree = "<group>"; };
		274590BA2C0716BA009C78C6 /* ContentView.swift */ = {isa = PBXFileReference; lastKnownFileType = sourcecode.swift; path = ContentView.swift; sourceTree = "<group>"; };
		274590BC2C0716BB009C78C6 /* Assets.xcassets */ = {isa = PBXFileReference; lastKnownFileType = folder.assetcatalog; path = Assets.xcassets; sourceTree = "<group>"; };
		274590BF2C0716BB009C78C6 /* Preview Assets.xcassets */ = {isa = PBXFileReference; lastKnownFileType = folder.assetcatalog; path = "Preview Assets.xcassets"; sourceTree = "<group>"; };
		27531B022C53A28D0087B4F9 /* HostingController.swift */ = {isa = PBXFileReference; fileEncoding = 4; lastKnownFileType = sourcecode.swift; path = HostingController.swift; sourceTree = "<group>"; };
		2782A4A72C50EB65003025C9 /* Info.plist */ = {isa = PBXFileReference; lastKnownFileType = text.plist; path = Info.plist; sourceTree = "<group>"; };
		2786FFEE2C0716F2007F6924 /* KYEmojiKit */ = {isa = PBXFileReference; lastKnownFileType = wrapper; name = KYEmojiKit; path = ..; sourceTree = "<group>"; };
		27E034A22C649A6D0044CED6 /* Localizable.xcstrings */ = {isa = PBXFileReference; lastKnownFileType = text.json.xcstrings; path = Localizable.xcstrings; sourceTree = "<group>"; };
/* End PBXFileReference section */

/* Begin PBXFrameworksBuildPhase section */
		274590B22C0716BA009C78C6 /* Frameworks */ = {
			isa = PBXFrameworksBuildPhase;
			buildActionMask = 2147483647;
			files = (
				2710C5532C50EFA700773E99 /* KYEmojiKit in Frameworks */,
			);
			runOnlyForDeploymentPostprocessing = 0;
		};
/* End PBXFrameworksBuildPhase section */

/* Begin PBXGroup section */
		274590AC2C0716BA009C78C6 = {
			isa = PBXGroup;
			children = (
				2786FFEE2C0716F2007F6924 /* KYEmojiKit */,
				274590B72C0716BA009C78C6 /* KYEmojiKitDebugApp */,
				274590B62C0716BA009C78C6 /* Products */,
				2786FFEF2C07174F007F6924 /* Frameworks */,
			);
			sourceTree = "<group>";
		};
		274590B62C0716BA009C78C6 /* Products */ = {
			isa = PBXGroup;
			children = (
				274590B52C0716BA009C78C6 /* KYEmojiKitDebugApp.app */,
			);
			name = Products;
			sourceTree = "<group>";
		};
		274590B72C0716BA009C78C6 /* KYEmojiKitDebugApp */ = {
			isa = PBXGroup;
			children = (
				2782A4A72C50EB65003025C9 /* Info.plist */,
				274590B82C0716BA009C78C6 /* KYEmojiKitDebugApp.swift */,
				274590BA2C0716BA009C78C6 /* ContentView.swift */,
				27531B022C53A28D0087B4F9 /* HostingController.swift */,
				274590BC2C0716BB009C78C6 /* Assets.xcassets */,
				274590BE2C0716BB009C78C6 /* Preview Content */,
				27E034A22C649A6D0044CED6 /* Localizable.xcstrings */,
			);
			path = KYEmojiKitDebugApp;
			sourceTree = "<group>";
		};
		274590BE2C0716BB009C78C6 /* Preview Content */ = {
			isa = PBXGroup;
			children = (
				274590BF2C0716BB009C78C6 /* Preview Assets.xcassets */,
			);
			path = "Preview Content";
			sourceTree = "<group>";
		};
		2786FFEF2C07174F007F6924 /* Frameworks */ = {
			isa = PBXGroup;
			children = (
			);
			name = Frameworks;
			sourceTree = "<group>";
		};
/* End PBXGroup section */

/* Begin PBXNativeTarget section */
		274590B42C0716BA009C78C6 /* KYEmojiKitDebugApp */ = {
			isa = PBXNativeTarget;
			buildConfigurationList = 274590C32C0716BB009C78C6 /* Build configuration list for PBXNativeTarget "KYEmojiKitDebugApp" */;
			buildPhases = (
				274590B12C0716BA009C78C6 /* Sources */,
				274590B22C0716BA009C78C6 /* Frameworks */,
				274590B32C0716BA009C78C6 /* Resources */,
			);
			buildRules = (
			);
			dependencies = (
			);
			name = KYEmojiKitDebugApp;
			packageProductDependencies = (
				2710C5522C50EFA700773E99 /* KYEmojiKit */,
			);
			productName = KYEmojiKitDebugApp;
			productReference = 274590B52C0716BA009C78C6 /* KYEmojiKitDebugApp.app */;
			productType = "com.apple.product-type.application";
		};
/* End PBXNativeTarget section */

/* Begin PBXProject section */
		274590AD2C0716BA009C78C6 /* Project object */ = {
			isa = PBXProject;
			attributes = {
				BuildIndependentTargetsInParallel = 1;
				LastSwiftUpdateCheck = 1530;
				LastUpgradeCheck = 1530;
				TargetAttributes = {
					274590B42C0716BA009C78C6 = {
						CreatedOnToolsVersion = 15.3;
					};
				};
			};
			buildConfigurationList = 274590B02C0716BA009C78C6 /* Build configuration list for PBXProject "KYEmojiKitDebugApp" */;
			compatibilityVersion = "Xcode 14.0";
			developmentRegion = en;
			hasScannedForEncodings = 0;
			knownRegions = (
				en,
				Base,
			);
			mainGroup = 274590AC2C0716BA009C78C6;
			productRefGroup = 274590B62C0716BA009C78C6 /* Products */;
			projectDirPath = "";
			projectRoot = "";
			targets = (
				274590B42C0716BA009C78C6 /* KYEmojiKitDebugApp */,
			);
		};
/* End PBXProject section */

/* Begin PBXResourcesBuildPhase section */
		274590B32C0716BA009C78C6 /* Resources */ = {
			isa = PBXResourcesBuildPhase;
			buildActionMask = 2147483647;
			files = (
				274590C02C0716BB009C78C6 /* Preview Assets.xcassets in Resources */,
				274590BD2C0716BB009C78C6 /* Assets.xcassets in Resources */,
				27E034A32C649A6D0044CED6 /* Localizable.xcstrings in Resources */,
			);
			runOnlyForDeploymentPostprocessing = 0;
		};
/* End PBXResourcesBuildPhase section */

/* Begin PBXSourcesBuildPhase section */
		274590B12C0716BA009C78C6 /* Sources */ = {
			isa = PBXSourcesBuildPhase;
			buildActionMask = 2147483647;
			files = (
				27531B032C53A28D0087B4F9 /* HostingController.swift in Sources */,
				274590BB2C0716BA009C78C6 /* ContentView.swift in Sources */,
				274590B92C0716BA009C78C6 /* KYEmojiKitDebugApp.swift in Sources */,
			);
			runOnlyForDeploymentPostprocessing = 0;
		};
/* End PBXSourcesBuildPhase section */

/* Begin XCBuildConfiguration section */
		274590C12C0716BB009C78C6 /* Debug */ = {
			isa = XCBuildConfiguration;
			buildSettings = {
				ALWAYS_SEARCH_USER_PATHS = NO;
				ASSETCATALOG_COMPILER_GENERATE_SWIFT_ASSET_SYMBOL_EXTENSIONS = YES;
				CLANG_ANALYZER_NONNULL = YES;
				CLANG_ANALYZER_NUMBER_OBJECT_CONVERSION = YES_AGGRESSIVE;
				CLANG_CXX_LANGUAGE_STANDARD = "gnu++20";
				CLANG_ENABLE_MODULES = YES;
				CLANG_ENABLE_OBJC_ARC = YES;
				CLANG_ENABLE_OBJC_WEAK = YES;
				CLANG_WARN_BLOCK_CAPTURE_AUTORELEASING = YES;
				CLANG_WARN_BOOL_CONVERSION = YES;
				CLANG_WARN_COMMA = YES;
				CLANG_WARN_CONSTANT_CONVERSION = YES;
				CLANG_WARN_DEPRECATED_OBJC_IMPLEMENTATIONS = YES;
				CLANG_WARN_DIRECT_OBJC_ISA_USAGE = YES_ERROR;
				CLANG_WARN_DOCUMENTATION_COMMENTS = YES;
				CLANG_WARN_EMPTY_BODY = YES;
				CLANG_WARN_ENUM_CONVERSION = YES;
				CLANG_WARN_INFINITE_RECURSION = YES;
				CLANG_WARN_INT_CONVERSION = YES;
				CLANG_WARN_NON_LITERAL_NULL_CONVERSION = YES;
				CLANG_WARN_OBJC_IMPLICIT_RETAIN_SELF = YES;
				CLANG_WARN_OBJC_LITERAL_CONVERSION = YES;
				CLANG_WARN_OBJC_ROOT_CLASS = YES_ERROR;
				CLANG_WARN_QUOTED_INCLUDE_IN_FRAMEWORK_HEADER = YES;
				CLANG_WARN_RANGE_LOOP_ANALYSIS = YES;
				CLANG_WARN_STRICT_PROTOTYPES = YES;
				CLANG_WARN_SUSPICIOUS_MOVE = YES;
				CLANG_WARN_UNGUARDED_AVAILABILITY = YES_AGGRESSIVE;
				CLANG_WARN_UNREACHABLE_CODE = YES;
				CLANG_WARN__DUPLICATE_METHOD_MATCH = YES;
				COPY_PHASE_STRIP = NO;
				DEBUG_INFORMATION_FORMAT = dwarf;
				ENABLE_STRICT_OBJC_MSGSEND = YES;
				ENABLE_TESTABILITY = YES;
				ENABLE_USER_SCRIPT_SANDBOXING = YES;
				GCC_C_LANGUAGE_STANDARD = gnu17;
				GCC_DYNAMIC_NO_PIC = NO;
				GCC_NO_COMMON_BLOCKS = YES;
				GCC_OPTIMIZATION_LEVEL = 0;
				GCC_PREPROCESSOR_DEFINITIONS = (
					"DEBUG=1",
					"$(inherited)",
				);
				GCC_WARN_64_TO_32_BIT_CONVERSION = YES;
				GCC_WARN_ABOUT_RETURN_TYPE = YES_ERROR;
				GCC_WARN_UNDECLARED_SELECTOR = YES;
				GCC_WARN_UNINITIALIZED_AUTOS = YES_AGGRESSIVE;
				GCC_WARN_UNUSED_FUNCTION = YES;
				GCC_WARN_UNUSED_VARIABLE = YES;
				IPHONEOS_DEPLOYMENT_TARGET = 17.4;
				LOCALIZATION_PREFERS_STRING_CATALOGS = YES;
				MTL_ENABLE_DEBUG_INFO = INCLUDE_SOURCE;
				MTL_FAST_MATH = YES;
				ONLY_ACTIVE_ARCH = YES;
				SDKROOT = iphoneos;
				SWIFT_ACTIVE_COMPILATION_CONDITIONS = "DEBUG $(inherited)";
				SWIFT_OPTIMIZATION_LEVEL = "-Onone";
			};
			name = Debug;
		};
		274590C22C0716BB009C78C6 /* Release */ = {
			isa = XCBuildConfiguration;
			buildSettings = {
				ALWAYS_SEARCH_USER_PATHS = NO;
				ASSETCATALOG_COMPILER_GENERATE_SWIFT_ASSET_SYMBOL_EXTENSIONS = YES;
				CLANG_ANALYZER_NONNULL = YES;
				CLANG_ANALYZER_NUMBER_OBJECT_CONVERSION = YES_AGGRESSIVE;
				CLANG_CXX_LANGUAGE_STANDARD = "gnu++20";
				CLANG_ENABLE_MODULES = YES;
				CLANG_ENABLE_OBJC_ARC = YES;
				CLANG_ENABLE_OBJC_WEAK = YES;
				CLANG_WARN_BLOCK_CAPTURE_AUTORELEASING = YES;
				CLANG_WARN_BOOL_CONVERSION = YES;
				CLANG_WARN_COMMA = YES;
				CLANG_WARN_CONSTANT_CONVERSION = YES;
				CLANG_WARN_DEPRECATED_OBJC_IMPLEMENTATIONS = YES;
				CLANG_WARN_DIRECT_OBJC_ISA_USAGE = YES_ERROR;
				CLANG_WARN_DOCUMENTATION_COMMENTS = YES;
				CLANG_WARN_EMPTY_BODY = YES;
				CLANG_WARN_ENUM_CONVERSION = YES;
				CLANG_WARN_INFINITE_RECURSION = YES;
				CLANG_WARN_INT_CONVERSION = YES;
				CLANG_WARN_NON_LITERAL_NULL_CONVERSION = YES;
				CLANG_WARN_OBJC_IMPLICIT_RETAIN_SELF = YES;
				CLANG_WARN_OBJC_LITERAL_CONVERSION = YES;
				CLANG_WARN_OBJC_ROOT_CLASS = YES_ERROR;
				CLANG_WARN_QUOTED_INCLUDE_IN_FRAMEWORK_HEADER = YES;
				CLANG_WARN_RANGE_LOOP_ANALYSIS = YES;
				CLANG_WARN_STRICT_PROTOTYPES = YES;
				CLANG_WARN_SUSPICIOUS_MOVE = YES;
				CLANG_WARN_UNGUARDED_AVAILABILITY = YES_AGGRESSIVE;
				CLANG_WARN_UNREACHABLE_CODE = YES;
				CLANG_WARN__DUPLICATE_METHOD_MATCH = YES;
				COPY_PHASE_STRIP = NO;
				DEBUG_INFORMATION_FORMAT = "dwarf-with-dsym";
				ENABLE_NS_ASSERTIONS = NO;
				ENABLE_STRICT_OBJC_MSGSEND = YES;
				ENABLE_USER_SCRIPT_SANDBOXING = YES;
				GCC_C_LANGUAGE_STANDARD = gnu17;
				GCC_NO_COMMON_BLOCKS = YES;
				GCC_WARN_64_TO_32_BIT_CONVERSION = YES;
				GCC_WARN_ABOUT_RETURN_TYPE = YES_ERROR;
				GCC_WARN_UNDECLARED_SELECTOR = YES;
				GCC_WARN_UNINITIALIZED_AUTOS = YES_AGGRESSIVE;
				GCC_WARN_UNUSED_FUNCTION = YES;
				GCC_WARN_UNUSED_VARIABLE = YES;
				IPHONEOS_DEPLOYMENT_TARGET = 17.4;
				LOCALIZATION_PREFERS_STRING_CATALOGS = YES;
				MTL_ENABLE_DEBUG_INFO = NO;
				MTL_FAST_MATH = YES;
				SDKROOT = iphoneos;
				SWIFT_COMPILATION_MODE = wholemodule;
				VALIDATE_PRODUCT = YES;
			};
			name = Release;
		};
		274590C42C0716BB009C78C6 /* Debug */ = {
			isa = XCBuildConfiguration;
			buildSettings = {
				ASSETCATALOG_COMPILER_APPICON_NAME = AppIcon;
				ASSETCATALOG_COMPILER_GLOBAL_ACCENT_COLOR_NAME = AccentColor;
				CODE_SIGN_STYLE = Automatic;
				CURRENT_PROJECT_VERSION = 1;
				DEVELOPMENT_ASSET_PATHS = "\"KYEmojiKitDebugApp/Preview Content\"";
				DEVELOPMENT_TEAM = VB7MJ8R223;
				ENABLE_PREVIEWS = YES;
				GENERATE_INFOPLIST_FILE = YES;
				INFOPLIST_FILE = KYEmojiKitDebugApp/Info.plist;
				INFOPLIST_KEY_UIApplicationSceneManifest_Generation = YES;
				INFOPLIST_KEY_UIApplicationSupportsIndirectInputEvents = YES;
				INFOPLIST_KEY_UILaunchScreen_Generation = YES;
				INFOPLIST_KEY_UISupportedInterfaceOrientations_iPad = "UIInterfaceOrientationPortrait UIInterfaceOrientationPortraitUpsideDown UIInterfaceOrientationLandscapeLeft UIInterfaceOrientationLandscapeRight";
				INFOPLIST_KEY_UISupportedInterfaceOrientations_iPhone = "UIInterfaceOrientationPortrait UIInterfaceOrientationLandscapeLeft UIInterfaceOrientationLandscapeRight";
				LD_RUNPATH_SEARCH_PATHS = (
					"$(inherited)",
					"@executable_path/Frameworks",
				);
				MARKETING_VERSION = 1.0;
				PRODUCT_BUNDLE_IDENTIFIER = top.kyleye.KYEmojiKitDebugApp;
				PRODUCT_NAME = "$(TARGET_NAME)";
				SWIFT_EMIT_LOC_STRINGS = YES;
				SWIFT_VERSION = 5.0;
				TARGETED_DEVICE_FAMILY = "1,2";
			};
			name = Debug;
		};
		274590C52C0716BB009C78C6 /* Release */ = {
			isa = XCBuildConfiguration;
			buildSettings = {
				ASSETCATALOG_COMPILER_APPICON_NAME = AppIcon;
				ASSETCATALOG_COMPILER_GLOBAL_ACCENT_COLOR_NAME = AccentColor;
				CODE_SIGN_STYLE = Automatic;
				CURRENT_PROJECT_VERSION = 1;
				DEVELOPMENT_ASSET_PATHS = "\"KYEmojiKitDebugApp/Preview Content\"";
				DEVELOPMENT_TEAM = VB7MJ8R223;
				ENABLE_PREVIEWS = YES;
				GENERATE_INFOPLIST_FILE = YES;
				INFOPLIST_FILE = KYEmojiKitDebugApp/Info.plist;
				INFOPLIST_KEY_UIApplicationSceneManifest_Generation = YES;
				INFOPLIST_KEY_UIApplicationSupportsIndirectInputEvents = YES;
				INFOPLIST_KEY_UILaunchScreen_Generation = YES;
				INFOPLIST_KEY_UISupportedInterfaceOrientations_iPad = "UIInterfaceOrientationPortrait UIInterfaceOrientationPortraitUpsideDown UIInterfaceOrientationLandscapeLeft UIInterfaceOrientationLandscapeRight";
				INFOPLIST_KEY_UISupportedInterfaceOrientations_iPhone = "UIInterfaceOrientationPortrait UIInterfaceOrientationLandscapeLeft UIInterfaceOrientationLandscapeRight";
				LD_RUNPATH_SEARCH_PATHS = (
					"$(inherited)",
					"@executable_path/Frameworks",
				);
				MARKETING_VERSION = 1.0;
				PRODUCT_BUNDLE_IDENTIFIER = top.kyleye.KYEmojiKitDebugApp;
				PRODUCT_NAME = "$(TARGET_NAME)";
				SWIFT_EMIT_LOC_STRINGS = YES;
				SWIFT_VERSION = 5.0;
				TARGETED_DEVICE_FAMILY = "1,2";
			};
			name = Release;
		};
/* End XCBuildConfiguration section */

/* Begin XCConfigurationList section */
		274590B02C0716BA009C78C6 /* Build configuration list for PBXProject "KYEmojiKitDebugApp" */ = {
			isa = XCConfigurationList;
			buildConfigurations = (
				274590C12C0716BB009C78C6 /* Debug */,
				274590C22C0716BB009C78C6 /* Release */,
			);
			defaultConfigurationIsVisible = 0;
			defaultConfigurationName = Release;
		};
		274590C32C0716BB009C78C6 /* Build configuration list for PBXNativeTarget "KYEmojiKitDebugApp" */ = {
			isa = XCConfigurationList;
			buildConfigurations = (
				274590C42C0716BB009C78C6 /* Debug */,
				274590C52C0716BB009C78C6 /* Release */,
			);
			defaultConfigurationIsVisible = 0;
			defaultConfigurationName = Release;
		};
/* End XCConfigurationList section */

/* Begin XCSwiftPackageProductDependency section */
		2710C5522C50EFA700773E99 /* KYEmojiKit */ = {
			isa = XCSwiftPackageProductDependency;
			productName = KYEmojiKit;
		};
/* End XCSwiftPackageProductDependency section */
	};
	rootObject = 274590AD2C0716BA009C78C6 /* Project object */;
}
